
Microsoft Visual Studio Solution File, Format Version 12.00
# Visual Studio Version 17
VisualStudioVersion = 17.10.35122.118
MinimumVisualStudioVersion = 10.0.40219.1
Project("{9A19103F-16F7-4668-BE54-9A1E7A4F7556}") = "SauceDemoTests", "SauceDemo\SauceDemoTests.csproj", "{ED2AA2DC-C930-4652-AB3E-F43EA2185A6B}"
	ProjectSection(ProjectDependencies) = postProject
		{B8FE92BE-1F58-4C54-8E40-31B500C536CF} = {B8FE92BE-1F58-4C54-8E40-31B500C536CF}
	EndProjectSection
EndProject
Project("{2150E333-8FDC-42A3-9474-1A3956D46DE8}") = "Solution Items", "Solution Items", "{4C297E33-B00C-4A62-9BB2-A079AF2FF474}"
	ProjectSection(SolutionItems) = preProject
		.editorconfig = .editorconfig
	EndProjectSection
EndProject
Project("{9A19103F-16F7-4668-BE54-9A1E7A4F7556}") = "SauceDemo.Customizations", "SauceDemo.Pages\SauceDemo.Customizations.csproj", "{B8FE92BE-1F58-4C54-8E40-31B500C536CF}"
EndProject
Global
	GlobalSection(SolutionConfigurationPlatforms) = preSolution
		DEV|Any CPU = DEV|Any CPU
		QA|Any CPU = QA|Any CPU
	EndGlobalSection
	GlobalSection(ProjectConfigurationPlatforms) = postSolution
		{ED2AA2DC-C930-4652-AB3E-F43EA2185A6B}.DEV|Any CPU.ActiveCfg = DEV|Any CPU
		{ED2AA2DC-C930-4652-AB3E-F43EA2185A6B}.DEV|Any CPU.Build.0 = DEV|Any CPU
		{ED2AA2DC-C930-4652-AB3E-F43EA2185A6B}.QA|Any CPU.ActiveCfg = QA|Any CPU
		{ED2AA2DC-C930-4652-AB3E-F43EA2185A6B}.QA|Any CPU.Build.0 = QA|Any CPU
		{B8FE92BE-1F58-4C54-8E40-31B500C536CF}.DEV|Any CPU.ActiveCfg = DEV|Any CPU
		{B8FE92BE-1F58-4C54-8E40-31B500C536CF}.DEV|Any CPU.Build.0 = DEV|Any CPU
		{B8FE92BE-1F58-4C54-8E40-31B500C536CF}.QA|Any CPU.ActiveCfg = QA|Any CPU
		{B8FE92BE-1F58-4C54-8E40-31B500C536CF}.QA|Any CPU.Build.0 = QA|Any CPU
	EndGlobalSection
	GlobalSection(SolutionProperties) = preSolution
		HideSolutionNode = FALSE
	EndGlobalSection
	GlobalSection(ExtensibilityGlobals) = postSolution
		SolutionGuid = {FD955B24-5D4E-4755-9E9B-45B209E9406F}
	EndGlobalSection
EndGlobal
